
Microsoft Visual Studio Solution File, Format Version 12.00
# Visual Studio Version 16
VisualStudioVersion = 16.0.30320.27
MinimumVisualStudioVersion = 10.0.40219.1
Project("{FAE04EC0-301F-11D3-BF4B-00C04F79EFBC}") = "leave-management", "leave-management\leave-management.csproj", "{729536D9-084A-43A1-9366-A8A0C07D54E9}"
EndProject
Global
	GlobalSection(SolutionConfigurationPlatforms) = preSolution
		Debug|Any CPU = Debug|Any CPU
		Release|Any CPU = Release|Any CPU
	EndGlobalSection
	GlobalSection(ProjectConfigurationPlatforms) = postSolution
		{729536D9-084A-43A1-9366-A8A0C07D54E9}.Debug|Any CPU.ActiveCfg = Debug|Any CPU
		{729536D9-084A-43A1-9366-A8A0C07D54E9}.Debug|Any CPU.Build.0 = Debug|Any CPU
		{729536D9-084A-43A1-9366-A8A0C07D54E9}.Release|Any CPU.ActiveCfg = Release|Any CPU
		{729536D9-084A-43A1-9366-A8A0C07D54E9}.Release|Any CPU.Build.0 = Release|Any CPU
	EndGlobalSection
	GlobalSection(SolutionProperties) = preSolution
		HideSolutionNode = FALSE
	EndGlobalSection
	GlobalSection(ExtensibilityGlobals) = postSolution
		SolutionGuid = {8A6B9277-5509-4251-80E8-F5ACF27BD18D}
	EndGlobalSection
EndGlobal
